
Microsoft Visual Studio Solution File, Format Version 12.00
# Visual Studio 14
VisualStudioVersion = 14.0.23107.0
MinimumVisualStudioVersion = 10.0.40219.1
Project("{FAE04EC0-301F-11D3-BF4B-00C04F79EFBC}") = "ModeloParcial", "ModeloParcial\ModeloParcial.csproj", "{A201958A-8EB4-4DF9-8514-1DE646DE3D6B}"
EndProject
Project("{FAE04EC0-301F-11D3-BF4B-00C04F79EFBC}") = "Entidades", "Entidades\Entidades.csproj", "{48514808-9E24-40B6-9B05-1068345B483A}"
EndProject
Project("{FAE04EC0-301F-11D3-BF4B-00C04F79EFBC}") = "Controles", "Controles\Controles.csproj", "{EF7C7CFA-922A-43BA-ACDE-8D2AE81F740B}"
EndProject
Global
	GlobalSection(SolutionConfigurationPlatforms) = preSolution
		Debug|Any CPU = Debug|Any CPU
		Release|Any CPU = Release|Any CPU
	EndGlobalSection
	GlobalSection(ProjectConfigurationPlatforms) = postSolution
		{A201958A-8EB4-4DF9-8514-1DE646DE3D6B}.Debug|Any CPU.ActiveCfg = Debug|Any CPU
		{A201958A-8EB4-4DF9-8514-1DE646DE3D6B}.Debug|Any CPU.Build.0 = Debug|Any CPU
		{A201958A-8EB4-4DF9-8514-1DE646DE3D6B}.Release|Any CPU.ActiveCfg = Release|Any CPU
		{A201958A-8EB4-4DF9-8514-1DE646DE3D6B}.Release|Any CPU.Build.0 = Release|Any CPU
		{48514808-9E24-40B6-9B05-1068345B483A}.Debug|Any CPU.ActiveCfg = Debug|Any CPU
		{48514808-9E24-40B6-9B05-1068345B483A}.Debug|Any CPU.Build.0 = Debug|Any CPU
		{48514808-9E24-40B6-9B05-1068345B483A}.Release|Any CPU.ActiveCfg = Release|Any CPU
		{48514808-9E24-40B6-9B05-1068345B483A}.Release|Any CPU.Build.0 = Release|Any CPU
		{EF7C7CFA-922A-43BA-ACDE-8D2AE81F740B}.Debug|Any CPU.ActiveCfg = Debug|Any CPU
		{EF7C7CFA-922A-43BA-ACDE-8D2AE81F740B}.Debug|Any CPU.Build.0 = Debug|Any CPU
		{EF7C7CFA-922A-43BA-ACDE-8D2AE81F740B}.Release|Any CPU.ActiveCfg = Release|Any CPU
		{EF7C7CFA-922A-43BA-ACDE-8D2AE81F740B}.Release|Any CPU.Build.0 = Release|Any CPU
	EndGlobalSection
	GlobalSection(SolutionProperties) = preSolution
		HideSolutionNode = FALSE
	EndGlobalSection
EndGlobal
